// !$*UTF8*$!
{
	archiveVersion = 1;
	classes = {
	};
	objectVersion = 56;
	objects = {

/* Begin PBXBuildFile section */
		38B750F12AEB8909002249AF /* AppDelegate.swift in Sources */ = {isa = PBXBuildFile; fileRef = 38B750F02AEB8909002249AF /* AppDelegate.swift */; };
		38B750F32AEB8909002249AF /* SceneDelegate.swift in Sources */ = {isa = PBXBuildFile; fileRef = 38B750F22AEB8909002249AF /* SceneDelegate.swift */; };
		38B750F52AEB8909002249AF /* ViewController.swift in Sources */ = {isa = PBXBuildFile; fileRef = 38B750F42AEB8909002249AF /* ViewController.swift */; };
		38B750F82AEB8909002249AF /* Main.storyboard in Resources */ = {isa = PBXBuildFile; fileRef = 38B750F62AEB8909002249AF /* Main.storyboard */; };
		38B750FA2AEB8909002249AF /* Assets.xcassets in Resources */ = {isa = PBXBuildFile; fileRef = 38B750F92AEB8909002249AF /* Assets.xcassets */; };
		38B750FD2AEB8909002249AF /* LaunchScreen.storyboard in Resources */ = {isa = PBXBuildFile; fileRef = 38B750FB2AEB8909002249AF /* LaunchScreen.storyboard */; };
		38B751082AEB890A002249AF /* TestRxViewModelTests.swift in Sources */ = {isa = PBXBuildFile; fileRef = 38B751072AEB890A002249AF /* TestRxViewModelTests.swift */; };
		38B751122AEB890A002249AF /* TestRxViewModelUITests.swift in Sources */ = {isa = PBXBuildFile; fileRef = 38B751112AEB890A002249AF /* TestRxViewModelUITests.swift */; };
		38B751142AEB890A002249AF /* TestRxViewModelUITestsLaunchTests.swift in Sources */ = {isa = PBXBuildFile; fileRef = 38B751132AEB890A002249AF /* TestRxViewModelUITestsLaunchTests.swift */; };
/* End PBXBuildFile section */

/* Begin PBXContainerItemProxy section */
		38B751042AEB890A002249AF /* PBXContainerItemProxy */ = {
			isa = PBXContainerItemProxy;
			containerPortal = 38B750E52AEB8909002249AF /* Project object */;
			proxyType = 1;
			remoteGlobalIDString = 38B750EC2AEB8909002249AF;
			remoteInfo = TestRxViewModel;
		};
		38B7510E2AEB890A002249AF /* PBXContainerItemProxy */ = {
			isa = PBXContainerItemProxy;
			containerPortal = 38B750E52AEB8909002249AF /* Project object */;
			proxyType = 1;
			remoteGlobalIDString = 38B750EC2AEB8909002249AF;
			remoteInfo = TestRxViewModel;
		};
/* End PBXContainerItemProxy section */

/* Begin PBXFileReference section */
		38B750ED2AEB8909002249AF /* TestRxViewModel.app */ = {isa = PBXFileReference; explicitFileType = wrapper.application; includeInIndex = 0; path = TestRxViewModel.app; sourceTree = BUILT_PRODUCTS_DIR; };
		38B750F02AEB8909002249AF /* AppDelegate.swift */ = {isa = PBXFileReference; lastKnownFileType = sourcecode.swift; path = AppDelegate.swift; sourceTree = "<group>"; };
		38B750F22AEB8909002249AF /* SceneDelegate.swift */ = {isa = PBXFileReference; lastKnownFileType = sourcecode.swift; path = SceneDelegate.swift; sourceTree = "<group>"; };
		38B750F42AEB8909002249AF /* ViewController.swift */ = {isa = PBXFileReference; lastKnownFileType = sourcecode.swift; path = ViewController.swift; sourceTree = "<group>"; };
		38B750F72AEB8909002249AF /* Base */ = {isa = PBXFileReference; lastKnownFileType = file.storyboard; name = Base; path = Base.lproj/Main.storyboard; sourceTree = "<group>"; };
		38B750F92AEB8909002249AF /* Assets.xcassets */ = {isa = PBXFileReference; lastKnownFileType = folder.assetcatalog; path = Assets.xcassets; sourceTree = "<group>"; };
		38B750FC2AEB8909002249AF /* Base */ = {isa = PBXFileReference; lastKnownFileType = file.storyboard; name = Base; path = Base.lproj/LaunchScreen.storyboard; sourceTree = "<group>"; };
		38B750FE2AEB8909002249AF /* Info.plist */ = {isa = PBXFileReference; lastKnownFileType = text.plist.xml; path = Info.plist; sourceTree = "<group>"; };
		38B751032AEB890A002249AF /* TestRxViewModelTests.xctest */ = {isa = PBXFileReference; explicitFileType = wrapper.cfbundle; includeInIndex = 0; path = TestRxViewModelTests.xctest; sourceTree = BUILT_PRODUCTS_DIR; };
		38B751072AEB890A002249AF /* TestRxViewModelTests.swift */ = {isa = PBXFileReference; lastKnownFileType = sourcecode.swift; path = TestRxViewModelTests.swift; sourceTree = "<group>"; };
		38B7510D2AEB890A002249AF /* TestRxViewModelUITests.xctest */ = {isa = PBXFileReference; explicitFileType = wrapper.cfbundle; includeInIndex = 0; path = TestRxViewModelUITests.xctest; sourceTree = BUILT_PRODUCTS_DIR; };
		38B751112AEB890A002249AF /* TestRxViewModelUITests.swift */ = {isa = PBXFileReference; lastKnownFileType = sourcecode.swift; path = TestRxViewModelUITests.swift; sourceTree = "<group>"; };
		38B751132AEB890A002249AF /* TestRxViewModelUITestsLaunchTests.swift */ = {isa = PBXFileReference; lastKnownFileType = sourcecode.swift; path = TestRxViewModelUITestsLaunchTests.swift; sourceTree = "<group>"; };
/* End PBXFileReference section */

/* Begin PBXFrameworksBuildPhase section */
		38B750EA2AEB8909002249AF /* Frameworks */ = {
			isa = PBXFrameworksBuildPhase;
			buildActionMask = 2147483647;
			files = (
			);
			runOnlyForDeploymentPostprocessing = 0;
		};
		38B751002AEB890A002249AF /* Frameworks */ = {
			isa = PBXFrameworksBuildPhase;
			buildActionMask = 2147483647;
			files = (
			);
			runOnlyForDeploymentPostprocessing = 0;
		};
		38B7510A2AEB890A002249AF /* Frameworks */ = {
			isa = PBXFrameworksBuildPhase;
			buildActionMask = 2147483647;
			files = (
			);
			runOnlyForDeploymentPostprocessing = 0;
		};
/* End PBXFrameworksBuildPhase section */

/* Begin PBXGroup section */
		38B750E42AEB8909002249AF = {
			isa = PBXGroup;
			children = (
				38B750EF2AEB8909002249AF /* TestRxViewModel */,
				38B751062AEB890A002249AF /* TestRxViewModelTests */,
				38B751102AEB890A002249AF /* TestRxViewModelUITests */,
				38B750EE2AEB8909002249AF /* Products */,
			);
			sourceTree = "<group>";
		};
		38B750EE2AEB8909002249AF /* Products */ = {
			isa = PBXGroup;
			children = (
				38B750ED2AEB8909002249AF /* TestRxViewModel.app */,
				38B751032AEB890A002249AF /* TestRxViewModelTests.xctest */,
				38B7510D2AEB890A002249AF /* TestRxViewModelUITests.xctest */,
			);
			name = Products;
			sourceTree = "<group>";
		};
		38B750EF2AEB8909002249AF /* TestRxViewModel */ = {
			isa = PBXGroup;
			children = (
				38B750F02AEB8909002249AF /* AppDelegate.swift */,
				38B750F22AEB8909002249AF /* SceneDelegate.swift */,
				38B750F42AEB8909002249AF /* ViewController.swift */,
				38B750F62AEB8909002249AF /* Main.storyboard */,
				38B750F92AEB8909002249AF /* Assets.xcassets */,
				38B750FB2AEB8909002249AF /* LaunchScreen.storyboard */,
				38B750FE2AEB8909002249AF /* Info.plist */,
			);
			path = TestRxViewModel;
			sourceTree = "<group>";
		};
		38B751062AEB890A002249AF /* TestRxViewModelTests */ = {
			isa = PBXGroup;
			children = (
				38B751072AEB890A002249AF /* TestRxViewModelTests.swift */,
			);
			path = TestRxViewModelTests;
			sourceTree = "<group>";
		};
		38B751102AEB890A002249AF /* TestRxViewModelUITests */ = {
			isa = PBXGroup;
			children = (
				38B751112AEB890A002249AF /* TestRxViewModelUITests.swift */,
				38B751132AEB890A002249AF /* TestRxViewModelUITestsLaunchTests.swift */,
			);
			path = TestRxViewModelUITests;
			sourceTree = "<group>";
		};
/* End PBXGroup section */

/* Begin PBXNativeTarget section */
		38B750EC2AEB8909002249AF /* TestRxViewModel */ = {
			isa = PBXNativeTarget;
			buildConfigurationList = 38B751172AEB890A002249AF /* Build configuration list for PBXNativeTarget "TestRxViewModel" */;
			buildPhases = (
				38B750E92AEB8909002249AF /* Sources */,
				38B750EA2AEB8909002249AF /* Frameworks */,
				38B750EB2AEB8909002249AF /* Resources */,
			);
			buildRules = (
			);
			dependencies = (
			);
			name = TestRxViewModel;
			productName = TestRxViewModel;
			productReference = 38B750ED2AEB8909002249AF /* TestRxViewModel.app */;
			productType = "com.apple.product-type.application";
		};
		38B751022AEB890A002249AF /* TestRxViewModelTests */ = {
			isa = PBXNativeTarget;
			buildConfigurationList = 38B7511A2AEB890A002249AF /* Build configuration list for PBXNativeTarget "TestRxViewModelTests" */;
			buildPhases = (
				38B750FF2AEB890A002249AF /* Sources */,
				38B751002AEB890A002249AF /* Frameworks */,
				38B751012AEB890A002249AF /* Resources */,
			);
			buildRules = (
			);
			dependencies = (
				38B751052AEB890A002249AF /* PBXTargetDependency */,
			);
			name = TestRxViewModelTests;
			productName = TestRxViewModelTests;
			productReference = 38B751032AEB890A002249AF /* TestRxViewModelTests.xctest */;
			productType = "com.apple.product-type.bundle.unit-test";
		};
		38B7510C2AEB890A002249AF /* TestRxViewModelUITests */ = {
			isa = PBXNativeTarget;
			buildConfigurationList = 38B7511D2AEB890A002249AF /* Build configuration list for PBXNativeTarget "TestRxViewModelUITests" */;
			buildPhases = (
				38B751092AEB890A002249AF /* Sources */,
				38B7510A2AEB890A002249AF /* Frameworks */,
				38B7510B2AEB890A002249AF /* Resources */,
			);
			buildRules = (
			);
			dependencies = (
				38B7510F2AEB890A002249AF /* PBXTargetDependency */,
			);
			name = TestRxViewModelUITests;
			productName = TestRxViewModelUITests;
			productReference = 38B7510D2AEB890A002249AF /* TestRxViewModelUITests.xctest */;
			productType = "com.apple.product-type.bundle.ui-testing";
		};
/* End PBXNativeTarget section */

/* Begin PBXProject section */
		38B750E52AEB8909002249AF /* Project object */ = {
			isa = PBXProject;
			attributes = {
				BuildIndependentTargetsInParallel = 1;
				LastSwiftUpdateCheck = 1430;
				LastUpgradeCheck = 1430;
				TargetAttributes = {
					38B750EC2AEB8909002249AF = {
						CreatedOnToolsVersion = 14.3.1;
					};
					38B751022AEB890A002249AF = {
						CreatedOnToolsVersion = 14.3.1;
						TestTargetID = 38B750EC2AEB8909002249AF;
					};
					38B7510C2AEB890A002249AF = {
						CreatedOnToolsVersion = 14.3.1;
						TestTargetID = 38B750EC2AEB8909002249AF;
					};
				};
			};
			buildConfigurationList = 38B750E82AEB8909002249AF /* Build configuration list for PBXProject "TestRxViewModel" */;
			compatibilityVersion = "Xcode 14.0";
			developmentRegion = en;
			hasScannedForEncodings = 0;
			knownRegions = (
				en,
				Base,
			);
			mainGroup = 38B750E42AEB8909002249AF;
			productRefGroup = 38B750EE2AEB8909002249AF /* Products */;
			projectDirPath = "";
			projectRoot = "";
			targets = (
				38B750EC2AEB8909002249AF /* TestRxViewModel */,
				38B751022AEB890A002249AF /* TestRxViewModelTests */,
				38B7510C2AEB890A002249AF /* TestRxViewModelUITests */,
			);
		};
/* End PBXProject section */

/* Begin PBXResourcesBuildPhase section */
		38B750EB2AEB8909002249AF /* Resources */ = {
			isa = PBXResourcesBuildPhase;
			buildActionMask = 2147483647;
			files = (
				38B750FD2AEB8909002249AF /* LaunchScreen.storyboard in Resources */,
				38B750FA2AEB8909002249AF /* Assets.xcassets in Resources */,
				38B750F82AEB8909002249AF /* Main.storyboard in Resources */,
			);
			runOnlyForDeploymentPostprocessing = 0;
		};
		38B751012AEB890A002249AF /* Resources */ = {
			isa = PBXResourcesBuildPhase;
			buildActionMask = 2147483647;
			files = (
			);
			runOnlyForDeploymentPostprocessing = 0;
		};
		38B7510B2AEB890A002249AF /* Resources */ = {
			isa = PBXResourcesBuildPhase;
			buildActionMask = 2147483647;
			files = (
			);
			runOnlyForDeploymentPostprocessing = 0;
		};
/* End PBXResourcesBuildPhase section */

/* Begin PBXSourcesBuildPhase section */
		38B750E92AEB8909002249AF /* Sources */ = {
			isa = PBXSourcesBuildPhase;
			buildActionMask = 2147483647;
			files = (
				38B750F52AEB8909002249AF /* ViewController.swift in Sources */,
				38B750F12AEB8909002249AF /* AppDelegate.swift in Sources */,
				38B750F32AEB8909002249AF /* SceneDelegate.swift in Sources */,
			);
			runOnlyForDeploymentPostprocessing = 0;
		};
		38B750FF2AEB890A002249AF /* Sources */ = {
			isa = PBXSourcesBuildPhase;
			buildActionMask = 2147483647;
			files = (
				38B751082AEB890A002249AF /* TestRxViewModelTests.swift in Sources */,
			);
			runOnlyForDeploymentPostprocessing = 0;
		};
		38B751092AEB890A002249AF /* Sources */ = {
			isa = PBXSourcesBuildPhase;
			buildActionMask = 2147483647;
			files = (
				38B751122AEB890A002249AF /* TestRxViewModelUITests.swift in Sources */,
				38B751142AEB890A002249AF /* TestRxViewModelUITestsLaunchTests.swift in Sources */,
			);
			runOnlyForDeploymentPostprocessing = 0;
		};
/* End PBXSourcesBuildPhase section */

/* Begin PBXTargetDependency section */
		38B751052AEB890A002249AF /* PBXTargetDependency */ = {
			isa = PBXTargetDependency;
			target = 38B750EC2AEB8909002249AF /* TestRxViewModel */;
			targetProxy = 38B751042AEB890A002249AF /* PBXContainerItemProxy */;
		};
		38B7510F2AEB890A002249AF /* PBXTargetDependency */ = {
			isa = PBXTargetDependency;
			target = 38B750EC2AEB8909002249AF /* TestRxViewModel */;
			targetProxy = 38B7510E2AEB890A002249AF /* PBXContainerItemProxy */;
		};
/* End PBXTargetDependency section */

/* Begin PBXVariantGroup section */
		38B750F62AEB8909002249AF /* Main.storyboard */ = {
			isa = PBXVariantGroup;
			children = (
				38B750F72AEB8909002249AF /* Base */,
			);
			name = Main.storyboard;
			sourceTree = "<group>";
		};
		38B750FB2AEB8909002249AF /* LaunchScreen.storyboard */ = {
			isa = PBXVariantGroup;
			children = (
				38B750FC2AEB8909002249AF /* Base */,
			);
			name = LaunchScreen.storyboard;
			sourceTree = "<group>";
		};
/* End PBXVariantGroup section */

/* Begin XCBuildConfiguration section */
		38B751152AEB890A002249AF /* Debug */ = {
			isa = XCBuildConfiguration;
			buildSettings = {
				ALWAYS_SEARCH_USER_PATHS = NO;
				CLANG_ANALYZER_NONNULL = YES;
				CLANG_ANALYZER_NUMBER_OBJECT_CONVERSION = YES_AGGRESSIVE;
				CLANG_CXX_LANGUAGE_STANDARD = "gnu++20";
				CLANG_ENABLE_MODULES = YES;
				CLANG_ENABLE_OBJC_ARC = YES;
				CLANG_ENABLE_OBJC_WEAK = YES;
				CLANG_WARN_BLOCK_CAPTURE_AUTORELEASING = YES;
				CLANG_WARN_BOOL_CONVERSION = YES;
				CLANG_WARN_COMMA = YES;
				CLANG_WARN_CONSTANT_CONVERSION = YES;
				CLANG_WARN_DEPRECATED_OBJC_IMPLEMENTATIONS = YES;
				CLANG_WARN_DIRECT_OBJC_ISA_USAGE = YES_ERROR;
				CLANG_WARN_DOCUMENTATION_COMMENTS = YES;
				CLANG_WARN_EMPTY_BODY = YES;
				CLANG_WARN_ENUM_CONVERSION = YES;
				CLANG_WARN_INFINITE_RECURSION = YES;
				CLANG_WARN_INT_CONVERSION = YES;
				CLANG_WARN_NON_LITERAL_NULL_CONVERSION = YES;
				CLANG_WARN_OBJC_IMPLICIT_RETAIN_SELF = YES;
				CLANG_WARN_OBJC_LITERAL_CONVERSION = YES;
				CLANG_WARN_OBJC_ROOT_CLASS = YES_ERROR;
				CLANG_WARN_QUOTED_INCLUDE_IN_FRAMEWORK_HEADER = YES;
				CLANG_WARN_RANGE_LOOP_ANALYSIS = YES;
				CLANG_WARN_STRICT_PROTOTYPES = YES;
				CLANG_WARN_SUSPICIOUS_MOVE = YES;
				CLANG_WARN_UNGUARDED_AVAILABILITY = YES_AGGRESSIVE;
				CLANG_WARN_UNREACHABLE_CODE = YES;
				CLANG_WARN__DUPLICATE_METHOD_MATCH = YES;
				COPY_PHASE_STRIP = NO;
				DEBUG_INFORMATION_FORMAT = dwarf;
				ENABLE_STRICT_OBJC_MSGSEND = YES;
				ENABLE_TESTABILITY = YES;
				GCC_C_LANGUAGE_STANDARD = gnu11;
				GCC_DYNAMIC_NO_PIC = NO;
				GCC_NO_COMMON_BLOCKS = YES;
				GCC_OPTIMIZATION_LEVEL = 0;
				GCC_PREPROCESSOR_DEFINITIONS = (
					"DEBUG=1",
					"$(inherited)",
				);
				GCC_WARN_64_TO_32_BIT_CONVERSION = YES;
				GCC_WARN_ABOUT_RETURN_TYPE = YES_ERROR;
				GCC_WARN_UNDECLARED_SELECTOR = YES;
				GCC_WARN_UNINITIALIZED_AUTOS = YES_AGGRESSIVE;
				GCC_WARN_UNUSED_FUNCTION = YES;
				GCC_WARN_UNUSED_VARIABLE = YES;
				IPHONEOS_DEPLOYMENT_TARGET = 16.4;
				MTL_ENABLE_DEBUG_INFO = INCLUDE_SOURCE;
				MTL_FAST_MATH = YES;
				ONLY_ACTIVE_ARCH = YES;
				SDKROOT = iphoneos;
				SWIFT_ACTIVE_COMPILATION_CONDITIONS = DEBUG;
				SWIFT_OPTIMIZATION_LEVEL = "-Onone";
			};
			name = Debug;
		};
		38B751162AEB890A002249AF /* Release */ = {
			isa = XCBuildConfiguration;
			buildSettings = {
				ALWAYS_SEARCH_USER_PATHS = NO;
				CLANG_ANALYZER_NONNULL = YES;
				CLANG_ANALYZER_NUMBER_OBJECT_CONVERSION = YES_AGGRESSIVE;
				CLANG_CXX_LANGUAGE_STANDARD = "gnu++20";
				CLANG_ENABLE_MODULES = YES;
				CLANG_ENABLE_OBJC_ARC = YES;
				CLANG_ENABLE_OBJC_WEAK = YES;
				CLANG_WARN_BLOCK_CAPTURE_AUTORELEASING = YES;
				CLANG_WARN_BOOL_CONVERSION = YES;
				CLANG_WARN_COMMA = YES;
				CLANG_WARN_CONSTANT_CONVERSION = YES;
				CLANG_WARN_DEPRECATED_OBJC_IMPLEMENTATIONS = YES;
				CLANG_WARN_DIRECT_OBJC_ISA_USAGE = YES_ERROR;
				CLANG_WARN_DOCUMENTATION_COMMENTS = YES;
				CLANG_WARN_EMPTY_BODY = YES;
				CLANG_WARN_ENUM_CONVERSION = YES;
				CLANG_WARN_INFINITE_RECURSION = YES;
				CLANG_WARN_INT_CONVERSION = YES;
				CLANG_WARN_NON_LITERAL_NULL_CONVERSION = YES;
				CLANG_WARN_OBJC_IMPLICIT_RETAIN_SELF = YES;
				CLANG_WARN_OBJC_LITERAL_CONVERSION = YES;
				CLANG_WARN_OBJC_ROOT_CLASS = YES_ERROR;
				CLANG_WARN_QUOTED_INCLUDE_IN_FRAMEWORK_HEADER = YES;
				CLANG_WARN_RANGE_LOOP_ANALYSIS = YES;
				CLANG_WARN_STRICT_PROTOTYPES = YES;
				CLANG_WARN_SUSPICIOUS_MOVE = YES;
				CLANG_WARN_UNGUARDED_AVAILABILITY = YES_AGGRESSIVE;
				CLANG_WARN_UNREACHABLE_CODE = YES;
				CLANG_WARN__DUPLICATE_METHOD_MATCH = YES;
				COPY_PHASE_STRIP = NO;
				DEBUG_INFORMATION_FORMAT = "dwarf-with-dsym";
				ENABLE_NS_ASSERTIONS = NO;
				ENABLE_STRICT_OBJC_MSGSEND = YES;
				GCC_C_LANGUAGE_STANDARD = gnu11;
				GCC_NO_COMMON_BLOCKS = YES;
				GCC_WARN_64_TO_32_BIT_CONVERSION = YES;
				GCC_WARN_ABOUT_RETURN_TYPE = YES_ERROR;
				GCC_WARN_UNDECLARED_SELECTOR = YES;
				GCC_WARN_UNINITIALIZED_AUTOS = YES_AGGRESSIVE;
				GCC_WARN_UNUSED_FUNCTION = YES;
				GCC_WARN_UNUSED_VARIABLE = YES;
				IPHONEOS_DEPLOYMENT_TARGET = 16.4;
				MTL_ENABLE_DEBUG_INFO = NO;
				MTL_FAST_MATH = YES;
				SDKROOT = iphoneos;
				SWIFT_COMPILATION_MODE = wholemodule;
				SWIFT_OPTIMIZATION_LEVEL = "-O";
				VALIDATE_PRODUCT = YES;
			};
			name = Release;
		};
		38B751182AEB890A002249AF /* Debug */ = {
			isa = XCBuildConfiguration;
			buildSettings = {
				ASSETCATALOG_COMPILER_APPICON_NAME = AppIcon;
				ASSETCATALOG_COMPILER_GLOBAL_ACCENT_COLOR_NAME = AccentColor;
				CODE_SIGN_STYLE = Automatic;
				CURRENT_PROJECT_VERSION = 1;
				DEVELOPMENT_TEAM = L5D6GFSJ94;
				GENERATE_INFOPLIST_FILE = YES;
				INFOPLIST_FILE = TestRxViewModel/Info.plist;
				INFOPLIST_KEY_UIApplicationSupportsIndirectInputEvents = YES;
				INFOPLIST_KEY_UILaunchStoryboardName = LaunchScreen;
				INFOPLIST_KEY_UIMainStoryboardFile = Main;
				INFOPLIST_KEY_UISupportedInterfaceOrientations_iPad = "UIInterfaceOrientationPortrait UIInterfaceOrientationPortraitUpsideDown UIInterfaceOrientationLandscapeLeft UIInterfaceOrientationLandscapeRight";
				INFOPLIST_KEY_UISupportedInterfaceOrientations_iPhone = "UIInterfaceOrientationPortrait UIInterfaceOrientationLandscapeLeft UIInterfaceOrientationLandscapeRight";
				LD_RUNPATH_SEARCH_PATHS = (
					"$(inherited)",
					"@executable_path/Frameworks",
				);
				MARKETING_VERSION = 1.0;
				PRODUCT_BUNDLE_IDENTIFIER = north27.TestRxViewModel;
				PRODUCT_NAME = "$(TARGET_NAME)";
				SWIFT_EMIT_LOC_STRINGS = YES;
				SWIFT_VERSION = 5.0;
				TARGETED_DEVICE_FAMILY = "1,2";
			};
			name = Debug;
		};
		38B751192AEB890A002249AF /* Release */ = {
			isa = XCBuildConfiguration;
			buildSettings = {
				ASSETCATALOG_COMPILER_APPICON_NAME = AppIcon;
				ASSETCATALOG_COMPILER_GLOBAL_ACCENT_COLOR_NAME = AccentColor;
				CODE_SIGN_STYLE = Automatic;
				CURRENT_PROJECT_VERSION = 1;
				DEVELOPMENT_TEAM = L5D6GFSJ94;
				GENERATE_INFOPLIST_FILE = YES;
				INFOPLIST_FILE = TestRxViewModel/Info.plist;
				INFOPLIST_KEY_UIApplicationSupportsIndirectInputEvents = YES;
				INFOPLIST_KEY_UILaunchStoryboardName = LaunchScreen;
				INFOPLIST_KEY_UIMainStoryboardFile = Main;
				INFOPLIST_KEY_UISupportedInterfaceOrientations_iPad = "UIInterfaceOrientationPortrait UIInterfaceOrientationPortraitUpsideDown UIInterfaceOrientationLandscapeLeft UIInterfaceOrientationLandscapeRight";
				INFOPLIST_KEY_UISupportedInterfaceOrientations_iPhone = "UIInterfaceOrientationPortrait UIInterfaceOrientationLandscapeLeft UIInterfaceOrientationLandscapeRight";
				LD_RUNPATH_SEARCH_PATHS = (
					"$(inherited)",
					"@executable_path/Frameworks",
				);
				MARKETING_VERSION = 1.0;
				PRODUCT_BUNDLE_IDENTIFIER = north27.TestRxViewModel;
				PRODUCT_NAME = "$(TARGET_NAME)";
				SWIFT_EMIT_LOC_STRINGS = YES;
				SWIFT_VERSION = 5.0;
				TARGETED_DEVICE_FAMILY = "1,2";
			};
			name = Release;
		};
		38B7511B2AEB890A002249AF /* Debug */ = {
			isa = XCBuildConfiguration;
			buildSettings = {
				ALWAYS_EMBED_SWIFT_STANDARD_LIBRARIES = YES;
				BUNDLE_LOADER = "$(TEST_HOST)";
				CODE_SIGN_STYLE = Automatic;
				CURRENT_PROJECT_VERSION = 1;
				DEVELOPMENT_TEAM = L5D6GFSJ94;
				GENERATE_INFOPLIST_FILE = YES;
				IPHONEOS_DEPLOYMENT_TARGET = 16.4;
				MARKETING_VERSION = 1.0;
				PRODUCT_BUNDLE_IDENTIFIER = north27.TestRxViewModelTests;
				PRODUCT_NAME = "$(TARGET_NAME)";
				SWIFT_EMIT_LOC_STRINGS = NO;
				SWIFT_VERSION = 5.0;
				TARGETED_DEVICE_FAMILY = "1,2";
				TEST_HOST = "$(BUILT_PRODUCTS_DIR)/TestRxViewModel.app/$(BUNDLE_EXECUTABLE_FOLDER_PATH)/TestRxViewModel";
			};
			name = Debug;
		};
		38B7511C2AEB890A002249AF /* Release */ = {
			isa = XCBuildConfiguration;
			buildSettings = {
				ALWAYS_EMBED_SWIFT_STANDARD_LIBRARIES = YES;
				BUNDLE_LOADER = "$(TEST_HOST)";
				CODE_SIGN_STYLE = Automatic;
				CURRENT_PROJECT_VERSION = 1;
				DEVELOPMENT_TEAM = L5D6GFSJ94;
				GENERATE_INFOPLIST_FILE = YES;
				IPHONEOS_DEPLOYMENT_TARGET = 16.4;
				MARKETING_VERSION = 1.0;
				PRODUCT_BUNDLE_IDENTIFIER = north27.TestRxViewModelTests;
				PRODUCT_NAME = "$(TARGET_NAME)";
				SWIFT_EMIT_LOC_STRINGS = NO;
				SWIFT_VERSION = 5.0;
				TARGETED_DEVICE_FAMILY = "1,2";
				TEST_HOST = "$(BUILT_PRODUCTS_DIR)/TestRxViewModel.app/$(BUNDLE_EXECUTABLE_FOLDER_PATH)/TestRxViewModel";
			};
			name = Release;
		};
		38B7511E2AEB890A002249AF /* Debug */ = {
			isa = XCBuildConfiguration;
			buildSettings = {
				ALWAYS_EMBED_SWIFT_STANDARD_LIBRARIES = YES;
				CODE_SIGN_STYLE = Automatic;
				CURRENT_PROJECT_VERSION = 1;
				DEVELOPMENT_TEAM = L5D6GFSJ94;
				GENERATE_INFOPLIST_FILE = YES;
				MARKETING_VERSION = 1.0;
				PRODUCT_BUNDLE_IDENTIFIER = north27.TestRxViewModelUITests;
				PRODUCT_NAME = "$(TARGET_NAME)";
				SWIFT_EMIT_LOC_STRINGS = NO;
				SWIFT_VERSION = 5.0;
				TARGETED_DEVICE_FAMILY = "1,2";
				TEST_TARGET_NAME = TestRxViewModel;
			};
			name = Debug;
		};
		38B7511F2AEB890A002249AF /* Release */ = {
			isa = XCBuildConfiguration;
			buildSettings = {
				ALWAYS_EMBED_SWIFT_STANDARD_LIBRARIES = YES;
				CODE_SIGN_STYLE = Automatic;
				CURRENT_PROJECT_VERSION = 1;
				DEVELOPMENT_TEAM = L5D6GFSJ94;
				GENERATE_INFOPLIST_FILE = YES;
				MARKETING_VERSION = 1.0;
				PRODUCT_BUNDLE_IDENTIFIER = north27.TestRxViewModelUITests;
				PRODUCT_NAME = "$(TARGET_NAME)";
				SWIFT_EMIT_LOC_STRINGS = NO;
				SWIFT_VERSION = 5.0;
				TARGETED_DEVICE_FAMILY = "1,2";
				TEST_TARGET_NAME = TestRxViewModel;
			};
			name = Release;
		};
/* End XCBuildConfiguration section */

/* Begin XCConfigurationList section */
		38B750E82AEB8909002249AF /* Build configuration list for PBXProject "TestRxViewModel" */ = {
			isa = XCConfigurationList;
			buildConfigurations = (
				38B751152AEB890A002249AF /* Debug */,
				38B751162AEB890A002249AF /* Release */,
			);
			defaultConfigurationIsVisible = 0;
			defaultConfigurationName = Release;
		};
		38B751172AEB890A002249AF /* Build configuration list for PBXNativeTarget "TestRxViewModel" */ = {
			isa = XCConfigurationList;
			buildConfigurations = (
				38B751182AEB890A002249AF /* Debug */,
				38B751192AEB890A002249AF /* Release */,
			);
			defaultConfigurationIsVisible = 0;
			defaultConfigurationName = Release;
		};
		38B7511A2AEB890A002249AF /* Build configuration list for PBXNativeTarget "TestRxViewModelTests" */ = {
			isa = XCConfigurationList;
			buildConfigurations = (
				38B7511B2AEB890A002249AF /* Debug */,
				38B7511C2AEB890A002249AF /* Release */,
			);
			defaultConfigurationIsVisible = 0;
			defaultConfigurationName = Release;
		};
		38B7511D2AEB890A002249AF /* Build configuration list for PBXNativeTarget "TestRxViewModelUITests" */ = {
			isa = XCConfigurationList;
			buildConfigurations = (
				38B7511E2AEB890A002249AF /* Debug */,
				38B7511F2AEB890A002249AF /* Release */,
			);
			defaultConfigurationIsVisible = 0;
			defaultConfigurationName = Release;
		};
/* End XCConfigurationList section */
	};
	rootObject = 38B750E52AEB8909002249AF /* Project object */;
}
